{
    "_meta": {
        "hash": {
            "sha256": "34c527706d52ff916bd29bd1a33fdebc55a4ff6b2057be4c3278bd88f40ddfce"
        },
        "pipfile-spec": 6,
        "requires": {
            "python_version": "3.7"
        },
        "sources": [
            {
                "name": "pypi",
                "url": "https://pypi.org/simple",
                "verify_ssl": true
            }
        ]
    },
    "default": {
        "casttube": {
            "hashes": [
                "sha256:36f118007f9eead3959cf30de03c1640b53a263569ff2a3971c0521826c835b2",
                "sha256:54d2af8c7949aa9c5db87fb11ef0a478a5d3e7ac6d2d2ac8dd1711e3a516fc82"
            ],
            "version": "==0.2.1"
        },
        "certifi": {
            "hashes": [
                "sha256:78884e7c1d4b00ce3cea67b44566851c4343c120abd683433ce934a68ea58872",
                "sha256:d62a0163eb4c2344ac042ab2bdf75399a71a2d8c7d47eac2e2ee91b9d6339569"
            ],
            "version": "==2021.10.8"
        },
        "charset-normalizer": {
            "hashes": [
                "sha256:2842d8f5e82a1f6aa437380934d5e1cd4fcf2003b06fed6940769c164a480a45",
                "sha256:98398a9d69ee80548c762ba991a4728bfc3836768ed226b3945908d1a688371c"
            ],
            "markers": "python_version >= '3'",
            "version": "==2.0.11"
        },
        "grpcio": {
            "hashes": [
                "sha256:0232add03144dd3cf9b660e2718244cb8e175370dca4d3855cb4e489a7811b53",
                "sha256:0f20e6dcb1b8662cdca033bb97c0a8116a5343e3ebc7f71c5fe7f89039978350",
                "sha256:10b07a623d33d4966f45c85d410bc6a79c5ac6341f06c3beda6c22be12cbfe07",
                "sha256:10c0476d5a52d21f402fc073745dc43b87cc8e080a1f49bbff4e1059019310fb",
                "sha256:289dae0b35c59d191c524e976dd0a6f8c995d2062e72621eb866ad0f4472a635",
                "sha256:2be726f16142d358a0df1e81d583d6820ee561a7856a79cca2fbe49989308be7",
                "sha256:4338d2a81f5b4ca022e085040b3cfce19419a5ce44aa7e6810ac1df05365bed7",
                "sha256:4c535b46f20e66bee3097583231977e721acdfcb1671d1490c99b7be8902ce18",
                "sha256:557154aef70a0e979700cc9528bc8b606b668084a29a0d57dbc4b06b078a2f1c",
                "sha256:5bfdd7e6647498f979dc46583723c852d97b25afe995d55aa1c76a5f9816bc1f",
                "sha256:87d8943ae7aa6ca5bbad732867d7f17d2550e4966a0c15b52088e8b579422e47",
                "sha256:89d8719d8de4d137678f7caa979e1b0a6fd4026f8096ceef8c2d164bbabefaf2",
                "sha256:9c3f4af989ce860710ac1864dc2e867dd87e6cee51a2368df1b253596868e52f",
                "sha256:9da52c3c728883aee429bb7c315049f50b2139f680cd86bb1165418e4f93a982",
                "sha256:9e9736659987beab42d18525ed10d21f80a1ba8389eac03425fbfd5684e6bbf0",
                "sha256:9ebcbb1a054cab362d29d3be571d43d6b9b23302d9fc4b43e5327000da1680a9",
                "sha256:a93e08636623e24c939851e2e0c0140b14f524b2980c9cdc4ea52b70a871c7e0",
                "sha256:ac322d86d1a079e0a118d544443ee16f320af0062c191b4754c0c6ec2fc79310",
                "sha256:b1fb101459868f52df6b61e7bb13375e50badf17a160e39fe1d51ae19e53f461",
                "sha256:b39aac96cceac624a23d540473835086a3ffa77c91030189988c073488434493",
                "sha256:b65507bc273c6dbf539175a786a344cc0ac78d50e5584f72c6599733f8a3301f",
                "sha256:be5bb6e47417e537c884a2e2ff2e1a8b2c064a998fcfdfcc67528d4e63e7ebaf",
                "sha256:c92de6a28a909c4f460dc1bbbcb50d676cf0b1f40224b222761f73fdd851b522",
                "sha256:c9f5962eb7fa7607b20eb0e4f59ed35829bd600fc0eacb626a6db83229a3e445",
                "sha256:d00bdf9c546ed6e649f785c55b05288e8b2dbb6bf2eb74b6c579fa0d591d35bd",
                "sha256:da804b1dd8293bd9d61b1e6ea989c887ba042a808a4fbdd80001cfa059aafed2",
                "sha256:ead6c5aa3e807345913649c3be395aaca2bbb2d225f18b8f31f37eab225508f6",
                "sha256:eb4d81550ce6f826af4ec6e8d98be347fe96291d718bf115c3f254621ae8d98d",
                "sha256:ef6a18ec8fd32ec81748fe720544ea2fb2d2dc50fd6d06739d5e2eb8f0626a1c",
                "sha256:fad42835656e0b6d3b7ffc900598e776722e30f43b7234a48f2576ca30f31a47",
                "sha256:fb98dbfee0d963b49ae5754554028cf62e6bd695f22de16d242ba9d2f0b7339b",
                "sha256:fb9cd9bb8d26dc17c2dd715a46bca3a879ec8283879b164e85863110dc6e3b2a"
            ],
            "index": "pypi",
            "version": "==1.21.1"
        },
        "grpcio-reflection": {
            "hashes": [
                "sha256:e86e0bbae2b29a2730e7e3aa7448b8198287325733da916f682104422530edec"
            ],
            "index": "pypi",
            "version": "==1.21.1"
        },
        "idna": {
            "hashes": [
                "sha256:84d9dd047ffa80596e0f246e2eab0b391788b0503584e8945f2368256d2735ff",
                "sha256:9d643ff0a55b762d5cdb124b8eaa99c66322e2157b69160bc32796e824360e6d"
            ],
            "markers": "python_version >= '3'",
            "version": "==3.3"
        },
        "ifaddr": {
            "hashes": [
                "sha256:1f9e8a6ca6f16db5a37d3356f07b6e52344f6f9f7e806d618537731669eb1a94",
                "sha256:d1f603952f0a71c9ab4e705754511e4e03b02565bc4cec7188ad6415ff534cd3"
            ],
            "version": "==0.1.7"
        },
        "protobuf": {
            "hashes": [
                "sha256:013a9ec4dccad9a6ed3aa1ad9e86a25a4e0d6d3bbe059b6f6502db20473c3e69",
                "sha256:0e00b4e4a4800b389ae7f0058e1fc9d012444fdde926569d8cce55c84a01ef74",
                "sha256:11f192d491613f692b3ddc18f06c925785b3019c8e35d32c811421ca9ff7d50e",
                "sha256:25f0ee57684f7bc3f0511b73cf55c016a891d09079c357794759663fe3da9cd3",
                "sha256:2ccc0169b5145b3af676b6997be6fe62961edfc12bb524a7b9c46fb5d208a3d4",
                "sha256:40f031f79b0254aa62082ca87776c0959d85adf99f09cdef9d0b320bb772a609",
                "sha256:44d824adb48fe8baf81e628c2edaf9911912cd592a83621d2b877ccfde631d61",
                "sha256:50f28efa66232a2fbbdd638dd61d9399ff66bcfde40ff305263b229692928081",
                "sha256:51e080fb1de5db54b0a6b1519ba8dda55e57404b0a4948e58f1342a3e15d89ec",
                "sha256:5c2ee13f5ea237a17bd81f52f972b7d334c0a43330d2a2a7b25b07f16eb146d8",
                "sha256:830a9c71df347b3fb3cd24ec985c4ed64f6e75983f543a1d8a3c96302dae915c",
                "sha256:867635c1d541ce336a1a4df3379d1116f02eba6dc326d080c8ef02f34036c415",
                "sha256:94b34486986d7683e83f9d02a0112533263fc20fae54fff3f4fd69451e682ec7",
                "sha256:ae4bcd5a0ce3f77d0523c3e5ed0d04ed2af454f7bf7cef08cb7a8d0915ac80a9",
                "sha256:b04449133e31b65924650d758efbc2397c2d0e5eb3c8cae7428ffc4fa9c3403d",
                "sha256:d892e487bd544463ce1e656434591593f710169335ac3f02ce30ee866c2f2464",
                "sha256:e9f13fadb15b80e4a83ef5d9fa44e19243b1e2d96e84ee2228ca305180ca059e",
                "sha256:ef69a10d45529a08367e70e736b3ce8e2af51360f23650ef1d4381ff9038467a",
                "sha256:f6d10b1f86cebb8008a256f474948fc6204391e02a9c12935eebf036bbb07b65",
                "sha256:fecf1b00ccc87bb8debca8b56458cc57c486d2d7afe22c7526728f79ffe232f4"
            ],
            "index": "pypi",
            "version": "==3.15.0"
        },
        "pychromecast": {
            "hashes": [
                "sha256:828afb54261e6dd07031bd67428de4374eb20a9da339e9b7cb3601466339dbc5",
                "sha256:da8a5a5a0d6c1046e818b586b247dd41f556ffa2a2e80f09cff6497c2db5879e"
            ],
            "index": "pypi",
            "version": "==3.2.2"
        },
        "requests": {
            "hashes": [
                "sha256:68d7c56fd5a8999887728ef304a6d12edc7be74f1cfa47714fc8b414525c9a61",
                "sha256:f22fa1e554c9ddfd16e6e41ac79759e17be9e492b3587efa038054674760e72d"
            ],
            "markers": "python_version >= '2.7' and python_version not in '3.0, 3.1, 3.2, 3.3, 3.4, 3.5'",
            "version": "==2.27.1"
        },
        "six": {
            "hashes": [
                "sha256:1e61c37477a1626458e36f7b1d82aa5c9b094fa4802892072e49de9c60c4c926",
                "sha256:8abb2f1d86890a2dfb989f9a77cfcfd3e47c2a354b01111771326f8aa26e0254"
            ],
            "markers": "python_version >= '2.7' and python_version not in '3.0, 3.1, 3.2, 3.3'",
            "version": "==1.16.0"
        },
        "urllib3": {
            "hashes": [
                "sha256:000ca7f471a233c2251c6c7023ee85305721bfdf18621ebff4fd17a8653427ed",
                "sha256:0e7c33d9a63e7ddfcb86780aac87befc2fbddf46c58dbb487e0855f7ceec283c"
            ],
            "markers": "python_version >= '2.7' and python_version not in '3.0, 3.1, 3.2, 3.3, 3.4' and python_version < '4'",
            "version": "==1.26.8"
        },
        "zeroconf": {
            "hashes": [
                "sha256:1c1feb71f5cf53baa5e00ff2c550edd30b2e6a20779001332115afa2ef64af72",
                "sha256:3cdd72184881c2d9ba163582cdd133732a3825306f048e58e4eab29f32b95b17"
            ],
            "version": "==0.38.3"
        }
    },
    "develop": {}
}
